# This file is automatically @generated by Cargo.
# It is not intended for manual editing.
version = 4

[[package]]
name = "bytemuck"
version = "1.25.2"
source = "registry+https://github.com/rust-lang/crates.io-index"
checksum = "95832e849adfb21180ccb6826a99da14e5d266ae5c2e668e1602cf234f153797"
dependencies = [
 "bytemuck_derive",
]

[[package]]
name = "bytemuck_derive"
version = "1.12.0"
source = "registry+https://github.com/rust-lang/crates.io-index"
checksum = "fc0e56a716f1e132ff6bf4bdac1c944a3fcdc1cae65f70a4a2a1ac3b401d2d1f"
dependencies = [
 "proc-macro2",
 "quote",
 "syn",
]

[[package]]
name = "font-test-data"
version = "0.9.1"
source = "registry+https://github.com/rust-lang/crates.io-index"
checksum = "8250a122865fc22377a26c0bb273bc4a69914409b4cf4a9b4cd7d7c6c5b1a0d7"
dependencies = [
 "font-types",
]

[[package]]
name = "font-types"
version = "0.12.5"
source = "registry+https://github.com/rust-lang/crates.io-index"
checksum = "b8eb065f3251655b3c90e22e5e363f310fc5332fb3402e37bbc94752283248f6"
dependencies = [
 "bytemuck",
]

[[package]]
name = "heo-generator"
version = "0.0.0"
dependencies = [
 "font-test-data",
 "skrifa",
]

[[package]]
name = "once_cell"
version = "1.21.4"
source = "registry+https://github.com/rust-lang/crates.io-index"
checksum = "9f7c3e4beb33f85d45ae3e3a1792185706c8e16d043238c593331cc7cd313b50"

[[package]]
name = "proc-macro2"
version = "1.0.107"
source = "registry+https://github.com/rust-lang/crates.io-index"
checksum = "985e7ec9bb745e6ce6535b544d84d6cd6f7ad8bd711c398938ae983b91a766d9"
dependencies = [
 "unicode-ident",
]

[[package]]
name = "quote"
version = "1.0.47"
source = "registry+https://github.com/rust-lang/crates.io-index"
checksum = "1fbf4db142a473a8d80c26bbf18454ed458bf8d26c8219c331daecfdbd079001"
dependencies = [
 "proc-macro2",
]

[[package]]
name = "read-fonts"
version = "0.44.0"
source = "registry+https://github.com/rust-lang/crates.io-index"
checksum = "d5a0cf4bb6cbce4c29756270d189a5e400ac05e91192161d83a0bcb6e68492e8"
dependencies = [
 "bytemuck",
 "font-types",
 "once_cell",
]

[[package]]
name = "skrifa"
version = "0.47.0"
source = "registry+https://github.com/rust-lang/crates.io-index"
checksum = "526e654b303ff4ad73a5a40b25de2b3ce3d039c5e3b6da5f89ae6e57004cb40f"
dependencies = [
 "bytemuck",
 "read-fonts",
]

[[package]]
name = "syn"
version = "3.0.5"
source = "registry+https://github.com/rust-lang/crates.io-index"
checksum = "12df2e0110f65b775f769bb17ef989067a1d931b2eb822bd4346631eeada89f9"
dependencies = [
 "proc-macro2",
 "quote",
 "unicode-ident",
]

[[package]]
name = "unicode-ident"
version = "1.0.24"
source = "registry+https://github.com/rust-lang/crates.io-index"
checksum = "e6e4313cd5fcd3dad5cafa179702e2b244f760991f45397d14d4ebf38247da75"
